
Microsoft Visual Studio Solution File, Format Version 12.00
# Visual Studio 14
VisualStudioVersion = 14.0.25420.1
MinimumVisualStudioVersion = 10.0.40219.1
Project("{FAE04EC0-301F-11D3-BF4B-00C04F79EFBC}") = "BetEventScanner.DataAccess", "BetEventScanner.DataAccess\BetEventScanner.DataAccess.csproj", "{C53CB25E-6263-4FDB-8B73-DD416A93B5C2}"
EndProject
Project("{FAE04EC0-301F-11D3-BF4B-00C04F79EFBC}") = "BetEventScanner.Common", "BetEventScanner.Common\BetEventScanner.Common.csproj", "{37D64B7D-9BC4-42A5-80AC-A0808DFFFD6C}"
EndProject
Project("{FAE04EC0-301F-11D3-BF4B-00C04F79EFBC}") = "BetEventScanner.ConsoleApp", "BetEventScanner.ConsoleApp\BetEventScanner.ConsoleApp.csproj", "{0674882F-3FE1-4011-AE85-43EA0D73C163}"
EndProject
Project("{FAE04EC0-301F-11D3-BF4B-00C04F79EFBC}") = "BetEventScanner.Web.Client", "BetEventScanner.Web.Client\BetEventScanner.Web.Client.csproj", "{7698AFC3-9E26-446B-BAE3-78D5B96D19ED}"
EndProject
Global
	GlobalSection(SubversionScc) = preSolution
		Svn-Managed = True
		Manager = AnkhSVN - Subversion Support for Visual Studio
	EndGlobalSection
	GlobalSection(SolutionConfigurationPlatforms) = preSolution
		Debug|Any CPU = Debug|Any CPU
		Release|Any CPU = Release|Any CPU
	EndGlobalSection
	GlobalSection(ProjectConfigurationPlatforms) = postSolution
		{C53CB25E-6263-4FDB-8B73-DD416A93B5C2}.Debug|Any CPU.ActiveCfg = Debug|Any CPU
		{C53CB25E-6263-4FDB-8B73-DD416A93B5C2}.Debug|Any CPU.Build.0 = Debug|Any CPU
		{C53CB25E-6263-4FDB-8B73-DD416A93B5C2}.Release|Any CPU.ActiveCfg = Release|Any CPU
		{C53CB25E-6263-4FDB-8B73-DD416A93B5C2}.Release|Any CPU.Build.0 = Release|Any CPU
		{37D64B7D-9BC4-42A5-80AC-A0808DFFFD6C}.Debug|Any CPU.ActiveCfg = Debug|Any CPU
		{37D64B7D-9BC4-42A5-80AC-A0808DFFFD6C}.Debug|Any CPU.Build.0 = Debug|Any CPU
		{37D64B7D-9BC4-42A5-80AC-A0808DFFFD6C}.Release|Any CPU.ActiveCfg = Release|Any CPU
		{37D64B7D-9BC4-42A5-80AC-A0808DFFFD6C}.Release|Any CPU.Build.0 = Release|Any CPU
		{0674882F-3FE1-4011-AE85-43EA0D73C163}.Debug|Any CPU.ActiveCfg = Debug|Any CPU
		{0674882F-3FE1-4011-AE85-43EA0D73C163}.Debug|Any CPU.Build.0 = Debug|Any CPU
		{0674882F-3FE1-4011-AE85-43EA0D73C163}.Release|Any CPU.ActiveCfg = Release|Any CPU
		{0674882F-3FE1-4011-AE85-43EA0D73C163}.Release|Any CPU.Build.0 = Release|Any CPU
		{7698AFC3-9E26-446B-BAE3-78D5B96D19ED}.Debug|Any CPU.ActiveCfg = Debug|Any CPU
		{7698AFC3-9E26-446B-BAE3-78D5B96D19ED}.Debug|Any CPU.Build.0 = Debug|Any CPU
		{7698AFC3-9E26-446B-BAE3-78D5B96D19ED}.Release|Any CPU.ActiveCfg = Release|Any CPU
		{7698AFC3-9E26-446B-BAE3-78D5B96D19ED}.Release|Any CPU.Build.0 = Release|Any CPU
	EndGlobalSection
	GlobalSection(SolutionProperties) = preSolution
		HideSolutionNode = FALSE
	EndGlobalSection
EndGlobal
